
Microsoft Visual Studio Solution File, Format Version 12.00
# Visual Studio 14
VisualStudioVersion = 14.0.24720.0
MinimumVisualStudioVersion = 10.0.40219.1
Project("{FAE04EC0-301F-11D3-BF4B-00C04F79EFBC}") = "Mockaroo.NET", "Mockaroo.NET\Mockaroo.NET.csproj", "{8F53271E-6768-4213-A672-073B99A287B7}"
EndProject
Project("{2150E333-8FDC-42A3-9474-1A3956D46DE8}") = "Tests", "Tests", "{498F3AAF-3EE9-4D7E-B2A5-7479987CB705}"
EndProject
Project("{FAE04EC0-301F-11D3-BF4B-00C04F79EFBC}") = "Tests.Mockaroo.NET", "Tests\Tests.Mockaroo.NET\Tests.Mockaroo.NET.csproj", "{F7780D2C-0DA7-458D-ADA4-1105E4590A4A}"
EndProject
Global
	GlobalSection(SolutionConfigurationPlatforms) = preSolution
		Debug|Any CPU = Debug|Any CPU
		Release|Any CPU = Release|Any CPU
	EndGlobalSection
	GlobalSection(ProjectConfigurationPlatforms) = postSolution
		{8F53271E-6768-4213-A672-073B99A287B7}.Debug|Any CPU.ActiveCfg = Debug|Any CPU
		{8F53271E-6768-4213-A672-073B99A287B7}.Debug|Any CPU.Build.0 = Debug|Any CPU
		{8F53271E-6768-4213-A672-073B99A287B7}.Release|Any CPU.ActiveCfg = Release|Any CPU
		{8F53271E-6768-4213-A672-073B99A287B7}.Release|Any CPU.Build.0 = Release|Any CPU
		{F7780D2C-0DA7-458D-ADA4-1105E4590A4A}.Debug|Any CPU.ActiveCfg = Debug|Any CPU
		{F7780D2C-0DA7-458D-ADA4-1105E4590A4A}.Debug|Any CPU.Build.0 = Debug|Any CPU
		{F7780D2C-0DA7-458D-ADA4-1105E4590A4A}.Release|Any CPU.ActiveCfg = Release|Any CPU
		{F7780D2C-0DA7-458D-ADA4-1105E4590A4A}.Release|Any CPU.Build.0 = Release|Any CPU
	EndGlobalSection
	GlobalSection(SolutionProperties) = preSolution
		HideSolutionNode = FALSE
	EndGlobalSection
	GlobalSection(NestedProjects) = preSolution
		{F7780D2C-0DA7-458D-ADA4-1105E4590A4A} = {498F3AAF-3EE9-4D7E-B2A5-7479987CB705}
	EndGlobalSection
EndGlobal
