
Microsoft Visual Studio Solution File, Format Version 12.00
# Visual Studio 14
VisualStudioVersion = 14.0.24720.0
MinimumVisualStudioVersion = 10.0.40219.1
Project("{2150E333-8FDC-42A3-9474-1A3956D46DE8}") = "Tests", "Tests", "{498F3AAF-3EE9-4D7E-B2A5-7479987CB705}"
EndProject
Project("{FAE04EC0-301F-11D3-BF4B-00C04F79EFBC}") = "Mockaroo.Core", "Mockaroo.Core\Mockaroo.Core.csproj", "{CEECB2C1-370C-4CD6-B030-2A316DE4A08F}"
EndProject
Project("{FAE04EC0-301F-11D3-BF4B-00C04F79EFBC}") = "Tests.Mockaroo", "Tests\Tests.Mockaroo\Tests.Mockaroo.csproj", "{A22355AA-E619-4F8B-82A6-D6855248E917}"
EndProject
Global
	GlobalSection(SolutionConfigurationPlatforms) = preSolution
		Debug|Any CPU = Debug|Any CPU
		Release|Any CPU = Release|Any CPU
	EndGlobalSection
	GlobalSection(ProjectConfigurationPlatforms) = postSolution
		{CEECB2C1-370C-4CD6-B030-2A316DE4A08F}.Debug|Any CPU.ActiveCfg = Debug|Any CPU
		{CEECB2C1-370C-4CD6-B030-2A316DE4A08F}.Debug|Any CPU.Build.0 = Debug|Any CPU
		{CEECB2C1-370C-4CD6-B030-2A316DE4A08F}.Release|Any CPU.ActiveCfg = Release|Any CPU
		{CEECB2C1-370C-4CD6-B030-2A316DE4A08F}.Release|Any CPU.Build.0 = Release|Any CPU
		{A22355AA-E619-4F8B-82A6-D6855248E917}.Debug|Any CPU.ActiveCfg = Debug|Any CPU
		{A22355AA-E619-4F8B-82A6-D6855248E917}.Debug|Any CPU.Build.0 = Debug|Any CPU
		{A22355AA-E619-4F8B-82A6-D6855248E917}.Release|Any CPU.ActiveCfg = Release|Any CPU
		{A22355AA-E619-4F8B-82A6-D6855248E917}.Release|Any CPU.Build.0 = Release|Any CPU
	EndGlobalSection
	GlobalSection(SolutionProperties) = preSolution
		HideSolutionNode = FALSE
	EndGlobalSection
	GlobalSection(NestedProjects) = preSolution
		{A22355AA-E619-4F8B-82A6-D6855248E917} = {498F3AAF-3EE9-4D7E-B2A5-7479987CB705}
	EndGlobalSection
	GlobalSection(AutomaticVersions) = postSolution
		UpdateAssemblyVersion = False
		UpdateAssemblyFileVersion = False
		UpdateAssemblyInfoVersion = False
	EndGlobalSection
EndGlobal
