
Microsoft Visual Studio Solution File, Format Version 12.00
# Visual Studio 14
VisualStudioVersion = 14.0.25420.1
MinimumVisualStudioVersion = 10.0.40219.1
Project("{2150E333-8FDC-42A3-9474-1A3956D46DE8}") = "Tests", "Tests", "{498F3AAF-3EE9-4D7E-B2A5-7479987CB705}"
EndProject
Project("{FAE04EC0-301F-11D3-BF4B-00C04F79EFBC}") = "Mockaroo.Core", "Mockaroo.Core\Mockaroo.Core.csproj", "{CEECB2C1-370C-4CD6-B030-2A316DE4A08F}"
EndProject
Project("{2150E333-8FDC-42A3-9474-1A3956D46DE8}") = ".sln", ".sln", "{2BACA3C0-81E0-44A9-9D3F-AD8BF8530C03}"
	ProjectSection(SolutionItems) = preProject
		..\.gitignore = ..\.gitignore
		mockaroo data types.csv = mockaroo data types.csv
		Mockaroo.Core\Mockaroo.Core.nuspec = Mockaroo.Core\Mockaroo.Core.nuspec
		..\README.md = ..\README.md
	EndProjectSection
EndProject
Project("{FAE04EC0-301F-11D3-BF4B-00C04F79EFBC}") = "Mockaroo.Console", "Mockaroo.Console\Mockaroo.Console.csproj", "{F8D53A41-B440-4881-8437-268841F46558}"
EndProject
Project("{2150E333-8FDC-42A3-9474-1A3956D46DE8}") = "build", "build", "{961D1B1E-954C-4686-9FFB-7EBB76CB980B}"
	ProjectSection(SolutionItems) = preProject
		..\build\start-build.ps1 = ..\build\start-build.ps1
		..\build\tasks.ps1 = ..\build\tasks.ps1
	EndProjectSection
EndProject
Project("{2150E333-8FDC-42A3-9474-1A3956D46DE8}") = "tools", "tools", "{C1614D4F-E98E-4E69-9667-226BF26DDF5A}"
	ProjectSection(SolutionItems) = preProject
		..\tools\Update-VersionNumber.ps1 = ..\tools\Update-VersionNumber.ps1
	EndProjectSection
EndProject
Project("{FAE04EC0-301F-11D3-BF4B-00C04F79EFBC}") = "Test.Mockaroo", "Test.Mockaroo\Test.Mockaroo.csproj", "{05E11613-994C-4FAF-B20A-4ADB6E08848A}"
EndProject
Global
	GlobalSection(SolutionConfigurationPlatforms) = preSolution
		Debug|Any CPU = Debug|Any CPU
		Release|Any CPU = Release|Any CPU
	EndGlobalSection
	GlobalSection(ProjectConfigurationPlatforms) = postSolution
		{CEECB2C1-370C-4CD6-B030-2A316DE4A08F}.Debug|Any CPU.ActiveCfg = Debug|Any CPU
		{CEECB2C1-370C-4CD6-B030-2A316DE4A08F}.Debug|Any CPU.Build.0 = Debug|Any CPU
		{CEECB2C1-370C-4CD6-B030-2A316DE4A08F}.Release|Any CPU.ActiveCfg = Release|Any CPU
		{CEECB2C1-370C-4CD6-B030-2A316DE4A08F}.Release|Any CPU.Build.0 = Release|Any CPU
		{F8D53A41-B440-4881-8437-268841F46558}.Debug|Any CPU.ActiveCfg = Debug|Any CPU
		{F8D53A41-B440-4881-8437-268841F46558}.Debug|Any CPU.Build.0 = Debug|Any CPU
		{F8D53A41-B440-4881-8437-268841F46558}.Release|Any CPU.ActiveCfg = Release|Any CPU
		{F8D53A41-B440-4881-8437-268841F46558}.Release|Any CPU.Build.0 = Release|Any CPU
		{05E11613-994C-4FAF-B20A-4ADB6E08848A}.Debug|Any CPU.ActiveCfg = Debug|Any CPU
		{05E11613-994C-4FAF-B20A-4ADB6E08848A}.Debug|Any CPU.Build.0 = Debug|Any CPU
		{05E11613-994C-4FAF-B20A-4ADB6E08848A}.Release|Any CPU.ActiveCfg = Release|Any CPU
		{05E11613-994C-4FAF-B20A-4ADB6E08848A}.Release|Any CPU.Build.0 = Release|Any CPU
	EndGlobalSection
	GlobalSection(SolutionProperties) = preSolution
		HideSolutionNode = FALSE
	EndGlobalSection
	GlobalSection(NestedProjects) = preSolution
		{961D1B1E-954C-4686-9FFB-7EBB76CB980B} = {2BACA3C0-81E0-44A9-9D3F-AD8BF8530C03}
		{C1614D4F-E98E-4E69-9667-226BF26DDF5A} = {2BACA3C0-81E0-44A9-9D3F-AD8BF8530C03}
		{05E11613-994C-4FAF-B20A-4ADB6E08848A} = {498F3AAF-3EE9-4D7E-B2A5-7479987CB705}
	EndGlobalSection
EndGlobal
